{
  "originHash" : "9a7d7a9af876fac34e2df47071e5e8581e9717a88d736887807de03cd87ba786",
  "pins" : [
    {
      "identity" : "keyboardshortcuts",
      "kind" : "remoteSourceControl",
      "location" : "https://github.com/sindresorhus/KeyboardShortcuts",
      "state" : {
        "revision" : "045cf174010beb335fa1d2567d18c057b8787165",
        "version" : "2.3.0"
      }
    }
  ],
  "version" : 3
}
